
Microsoft Visual Studio Solution File, Format Version 11.00
# Visual Studio 2010
Project("{FAE04EC0-301F-11D3-BF4B-00C04F79EFBC}") = "Commando", "Assembly-CSharp.csproj", "{920126D9-288F-579B-5A8F-4646FF6045C4}"
EndProject
Project("{FAE04EC0-301F-11D3-BF4B-00C04F79EFBC}") = "Commando", "Assembly-CSharp-firstpass.csproj", "{B1E74333-9A4D-D843-898B-D5135BF5E4E5}"
EndProject
Project("{FAE04EC0-301F-11D3-BF4B-00C04F79EFBC}") = "Commando", "Assembly-CSharp-Editor-firstpass.csproj", "{385F469E-7D77-2023-EB19-7578E0E05130}"
EndProject
Global
	GlobalSection(SolutionConfigurationPlatforms) = preSolution
		Debug|Any CPU = Debug|Any CPU
		Release|Any CPU = Release|Any CPU
	EndGlobalSection
	GlobalSection(ProjectConfigurationPlatforms) = postSolution
		{920126D9-288F-579B-5A8F-4646FF6045C4}.Debug|Any CPU.ActiveCfg = Debug|Any CPU
		{920126D9-288F-579B-5A8F-4646FF6045C4}.Debug|Any CPU.Build.0 = Debug|Any CPU
		{920126D9-288F-579B-5A8F-4646FF6045C4}.Release|Any CPU.ActiveCfg = Release|Any CPU
		{920126D9-288F-579B-5A8F-4646FF6045C4}.Release|Any CPU.Build.0 = Release|Any CPU
		{B1E74333-9A4D-D843-898B-D5135BF5E4E5}.Debug|Any CPU.ActiveCfg = Debug|Any CPU
		{B1E74333-9A4D-D843-898B-D5135BF5E4E5}.Debug|Any CPU.Build.0 = Debug|Any CPU
		{B1E74333-9A4D-D843-898B-D5135BF5E4E5}.Release|Any CPU.ActiveCfg = Release|Any CPU
		{B1E74333-9A4D-D843-898B-D5135BF5E4E5}.Release|Any CPU.Build.0 = Release|Any CPU
		{385F469E-7D77-2023-EB19-7578E0E05130}.Debug|Any CPU.ActiveCfg = Debug|Any CPU
		{385F469E-7D77-2023-EB19-7578E0E05130}.Debug|Any CPU.Build.0 = Debug|Any CPU
		{385F469E-7D77-2023-EB19-7578E0E05130}.Release|Any CPU.ActiveCfg = Release|Any CPU
		{385F469E-7D77-2023-EB19-7578E0E05130}.Release|Any CPU.Build.0 = Release|Any CPU
	EndGlobalSection
	GlobalSection(SolutionProperties) = preSolution
		HideSolutionNode = FALSE
	EndGlobalSection
	GlobalSection(MonoDevelopProperties) = preSolution
		StartupItem = Assembly-CSharp.csproj
	EndGlobalSection
EndGlobal
